
Microsoft Visual Studio Solution File, Format Version 12.00
# Visual Studio Version 16
VisualStudioVersion = 16.0.31019.35
MinimumVisualStudioVersion = 10.0.40219.1
Project("{9A19103F-16F7-4668-BE54-9A1E7A4F7556}") = "svg-graph-builder", "svg-graph-builder.csproj", "{EFD67B15-BDF0-4D9F-BFD6-1FBE66151665}"
EndProject
Global
	GlobalSection(SolutionConfigurationPlatforms) = preSolution
		Debug|Any CPU = Debug|Any CPU
		Release|Any CPU = Release|Any CPU
	EndGlobalSection
	GlobalSection(ProjectConfigurationPlatforms) = postSolution
		{EFD67B15-BDF0-4D9F-BFD6-1FBE66151665}.Debug|Any CPU.ActiveCfg = Debug|Any CPU
		{EFD67B15-BDF0-4D9F-BFD6-1FBE66151665}.Debug|Any CPU.Build.0 = Debug|Any CPU
		{EFD67B15-BDF0-4D9F-BFD6-1FBE66151665}.Release|Any CPU.ActiveCfg = Release|Any CPU
		{EFD67B15-BDF0-4D9F-BFD6-1FBE66151665}.Release|Any CPU.Build.0 = Release|Any CPU
	EndGlobalSection
	GlobalSection(SolutionProperties) = preSolution
		HideSolutionNode = FALSE
	EndGlobalSection
	GlobalSection(ExtensibilityGlobals) = postSolution
		SolutionGuid = {D1D1A6F5-2688-4653-AEEF-1BBBA8025EA8}
	EndGlobalSection
EndGlobal
